
Microsoft Visual Studio Solution File, Format Version 12.00
# Visual Studio 14
VisualStudioVersion = 14.0.25420.1
MinimumVisualStudioVersion = 10.0.40219.1
Project("{8BC9CEB8-8B4A-11D0-8D11-00A0C91BC942}") = "DasBootServer", "DasBootServer\DasBootServer.vcxproj", "{186F13B4-20F2-4AF8-AFE8-6FA041C1338C}"
EndProject
Global
	GlobalSection(SolutionConfigurationPlatforms) = preSolution
		Debug|x64 = Debug|x64
		Debug|x86 = Debug|x86
		Release|x64 = Release|x64
		Release|x86 = Release|x86
	EndGlobalSection
	GlobalSection(ProjectConfigurationPlatforms) = postSolution
		{186F13B4-20F2-4AF8-AFE8-6FA041C1338C}.Debug|x64.ActiveCfg = Debug|x64
		{186F13B4-20F2-4AF8-AFE8-6FA041C1338C}.Debug|x64.Build.0 = Debug|x64
		{186F13B4-20F2-4AF8-AFE8-6FA041C1338C}.Debug|x86.ActiveCfg = Debug|Win32
		{186F13B4-20F2-4AF8-AFE8-6FA041C1338C}.Debug|x86.Build.0 = Debug|Win32
		{186F13B4-20F2-4AF8-AFE8-6FA041C1338C}.Release|x64.ActiveCfg = Release|x64
		{186F13B4-20F2-4AF8-AFE8-6FA041C1338C}.Release|x64.Build.0 = Release|x64
		{186F13B4-20F2-4AF8-AFE8-6FA041C1338C}.Release|x86.ActiveCfg = Release|Win32
		{186F13B4-20F2-4AF8-AFE8-6FA041C1338C}.Release|x86.Build.0 = Release|Win32
	EndGlobalSection
	GlobalSection(SolutionProperties) = preSolution
		HideSolutionNode = FALSE
	EndGlobalSection
EndGlobal
